
Microsoft Visual Studio Solution File, Format Version 12.00
Project("{FAE04EC0-301F-11D3-BF4B-00C04F79EFBC}") = "SoftwareArchitectureExamples", "SoftwareArchitectureExamples\SoftwareArchitectureExamples.csproj", "{D6F996D0-2E57-429C-AA43-64D7D7C31936}"
EndProject
Project("{FAE04EC0-301F-11D3-BF4B-00C04F79EFBC}") = "SensorWatcher_Original", "SensorWatcher_Original\SensorWatcher_Original.csproj", "{5DF4A925-33CD-4A9F-92B1-78A6847942CF}"
EndProject
Project("{FAE04EC0-301F-11D3-BF4B-00C04F79EFBC}") = "SensorWatcher", "SensorWatcher\SensorWatcher.csproj", "{AF3B6E81-7A0A-4EA9-933A-5B3C7898877A}"
EndProject
Project("{2150E333-8FDC-42A3-9474-1A3956D46DE8}") = "Orders", "Orders", "{54F23000-7FEC-493C-BC40-9838667EF831}"
EndProject
Project("{2150E333-8FDC-42A3-9474-1A3956D46DE8}") = "Original", "Original", "{B11C9531-5E8D-41AE-9AFA-B5CB46CDFA39}"
EndProject
Project("{FAE04EC0-301F-11D3-BF4B-00C04F79EFBC}") = "Orders_Original", "Orders_Original\Orders_Original.csproj", "{CCA4F399-0897-496C-897A-8FA5C0928654}"
EndProject
Project("{2150E333-8FDC-42A3-9474-1A3956D46DE8}") = "SensorWatcher", "SensorWatcher", "{8061D4B7-CAD5-4E76-ADB0-ECAD6BF2FC95}"
EndProject
Project("{2150E333-8FDC-42A3-9474-1A3956D46DE8}") = "Original", "Original", "{98CD8CA5-EE17-4C5C-AA99-4BD5222652AB}"
EndProject
Project("{2150E333-8FDC-42A3-9474-1A3956D46DE8}") = "Refactored", "Refactored", "{A524458A-F058-40F8-8271-3DDC635CF25D}"
EndProject
Project("{2150E333-8FDC-42A3-9474-1A3956D46DE8}") = "Refactored", "Refactored", "{8DDA462A-514B-46B3-8B56-7DB0E3BD4A31}"
EndProject
Project("{FAE04EC0-301F-11D3-BF4B-00C04F79EFBC}") = "Orders", "Orders\Orders.csproj", "{174230F9-DC5D-49C7-9BA7-1FCF189A88FE}"
EndProject
Project("{FAE04EC0-301F-11D3-BF4B-00C04F79EFBC}") = "Discounts", "Orders\Discounts\Discounts.csproj", "{29E7B6CA-3F1E-49D8-B3C1-4B0A3ABB9749}"
EndProject
Project("{2150E333-8FDC-42A3-9474-1A3956D46DE8}") = "Worskhops", "Worskhops", "{F3D59110-7F64-440A-A51D-1F950781B0EF}"
EndProject
Project("{2150E333-8FDC-42A3-9474-1A3956D46DE8}") = "Workshop_1", "Workshop_1", "{E1B32D04-6515-4DBB-8CA4-0BE6EA032D81}"
EndProject
Project("{FAE04EC0-301F-11D3-BF4B-00C04F79EFBC}") = "App", "App\App.csproj", "{FF9E7419-46F9-468D-82DB-2C1F049A6D2E}"
EndProject
Project("{FAE04EC0-301F-11D3-BF4B-00C04F79EFBC}") = "Commands", "Commands\Commands.csproj", "{3795552A-EF29-44EA-A99E-F6C53E4140C5}"
EndProject
Project("{FAE04EC0-301F-11D3-BF4B-00C04F79EFBC}") = "Commands.Content", "Commands.Content\Commands.Content.csproj", "{C3FC4F5D-227A-4B3E-B2D7-5497D41881C5}"
EndProject
Project("{FAE04EC0-301F-11D3-BF4B-00C04F79EFBC}") = "Tasks", "Tasks\Tasks.csproj", "{8249AB1F-3817-4383-9257-2C20DC4636EB}"
EndProject
Project("{FAE04EC0-301F-11D3-BF4B-00C04F79EFBC}") = "Tasks.FileStorage", "Tasks.FileStorage\Tasks.FileStorage.csproj", "{7D86AFAB-11AA-4D44-B1C7-985D2D5A5413}"
EndProject
Project("{FAE04EC0-301F-11D3-BF4B-00C04F79EFBC}") = "Task.FileStorage", "Task.FileStorage\Task.FileStorage.csproj", "{8EADBA04-9339-431F-AA31-DFC100918B6A}"
EndProject
Global
	GlobalSection(SolutionConfigurationPlatforms) = preSolution
		Debug|Any CPU = Debug|Any CPU
		Release|Any CPU = Release|Any CPU
	EndGlobalSection
	GlobalSection(ProjectConfigurationPlatforms) = postSolution
		{D6F996D0-2E57-429C-AA43-64D7D7C31936}.Debug|Any CPU.ActiveCfg = Debug|Any CPU
		{D6F996D0-2E57-429C-AA43-64D7D7C31936}.Debug|Any CPU.Build.0 = Debug|Any CPU
		{D6F996D0-2E57-429C-AA43-64D7D7C31936}.Release|Any CPU.ActiveCfg = Release|Any CPU
		{D6F996D0-2E57-429C-AA43-64D7D7C31936}.Release|Any CPU.Build.0 = Release|Any CPU
		{5DF4A925-33CD-4A9F-92B1-78A6847942CF}.Debug|Any CPU.ActiveCfg = Debug|Any CPU
		{5DF4A925-33CD-4A9F-92B1-78A6847942CF}.Debug|Any CPU.Build.0 = Debug|Any CPU
		{5DF4A925-33CD-4A9F-92B1-78A6847942CF}.Release|Any CPU.ActiveCfg = Release|Any CPU
		{5DF4A925-33CD-4A9F-92B1-78A6847942CF}.Release|Any CPU.Build.0 = Release|Any CPU
		{AF3B6E81-7A0A-4EA9-933A-5B3C7898877A}.Debug|Any CPU.ActiveCfg = Debug|Any CPU
		{AF3B6E81-7A0A-4EA9-933A-5B3C7898877A}.Debug|Any CPU.Build.0 = Debug|Any CPU
		{AF3B6E81-7A0A-4EA9-933A-5B3C7898877A}.Release|Any CPU.ActiveCfg = Release|Any CPU
		{AF3B6E81-7A0A-4EA9-933A-5B3C7898877A}.Release|Any CPU.Build.0 = Release|Any CPU
		{CCA4F399-0897-496C-897A-8FA5C0928654}.Debug|Any CPU.ActiveCfg = Debug|Any CPU
		{CCA4F399-0897-496C-897A-8FA5C0928654}.Debug|Any CPU.Build.0 = Debug|Any CPU
		{CCA4F399-0897-496C-897A-8FA5C0928654}.Release|Any CPU.ActiveCfg = Release|Any CPU
		{CCA4F399-0897-496C-897A-8FA5C0928654}.Release|Any CPU.Build.0 = Release|Any CPU
		{174230F9-DC5D-49C7-9BA7-1FCF189A88FE}.Debug|Any CPU.ActiveCfg = Debug|Any CPU
		{174230F9-DC5D-49C7-9BA7-1FCF189A88FE}.Debug|Any CPU.Build.0 = Debug|Any CPU
		{174230F9-DC5D-49C7-9BA7-1FCF189A88FE}.Release|Any CPU.ActiveCfg = Release|Any CPU
		{174230F9-DC5D-49C7-9BA7-1FCF189A88FE}.Release|Any CPU.Build.0 = Release|Any CPU
		{29E7B6CA-3F1E-49D8-B3C1-4B0A3ABB9749}.Debug|Any CPU.ActiveCfg = Debug|Any CPU
		{29E7B6CA-3F1E-49D8-B3C1-4B0A3ABB9749}.Debug|Any CPU.Build.0 = Debug|Any CPU
		{29E7B6CA-3F1E-49D8-B3C1-4B0A3ABB9749}.Release|Any CPU.ActiveCfg = Release|Any CPU
		{29E7B6CA-3F1E-49D8-B3C1-4B0A3ABB9749}.Release|Any CPU.Build.0 = Release|Any CPU
		{FF9E7419-46F9-468D-82DB-2C1F049A6D2E}.Debug|Any CPU.ActiveCfg = Debug|Any CPU
		{FF9E7419-46F9-468D-82DB-2C1F049A6D2E}.Debug|Any CPU.Build.0 = Debug|Any CPU
		{FF9E7419-46F9-468D-82DB-2C1F049A6D2E}.Release|Any CPU.ActiveCfg = Release|Any CPU
		{FF9E7419-46F9-468D-82DB-2C1F049A6D2E}.Release|Any CPU.Build.0 = Release|Any CPU
		{3795552A-EF29-44EA-A99E-F6C53E4140C5}.Debug|Any CPU.ActiveCfg = Debug|Any CPU
		{3795552A-EF29-44EA-A99E-F6C53E4140C5}.Debug|Any CPU.Build.0 = Debug|Any CPU
		{3795552A-EF29-44EA-A99E-F6C53E4140C5}.Release|Any CPU.ActiveCfg = Release|Any CPU
		{3795552A-EF29-44EA-A99E-F6C53E4140C5}.Release|Any CPU.Build.0 = Release|Any CPU
		{C3FC4F5D-227A-4B3E-B2D7-5497D41881C5}.Debug|Any CPU.ActiveCfg = Debug|Any CPU
		{C3FC4F5D-227A-4B3E-B2D7-5497D41881C5}.Debug|Any CPU.Build.0 = Debug|Any CPU
		{C3FC4F5D-227A-4B3E-B2D7-5497D41881C5}.Release|Any CPU.ActiveCfg = Release|Any CPU
		{C3FC4F5D-227A-4B3E-B2D7-5497D41881C5}.Release|Any CPU.Build.0 = Release|Any CPU
		{8249AB1F-3817-4383-9257-2C20DC4636EB}.Debug|Any CPU.ActiveCfg = Debug|Any CPU
		{8249AB1F-3817-4383-9257-2C20DC4636EB}.Debug|Any CPU.Build.0 = Debug|Any CPU
		{8249AB1F-3817-4383-9257-2C20DC4636EB}.Release|Any CPU.ActiveCfg = Release|Any CPU
		{8249AB1F-3817-4383-9257-2C20DC4636EB}.Release|Any CPU.Build.0 = Release|Any CPU
		{7D86AFAB-11AA-4D44-B1C7-985D2D5A5413}.Debug|Any CPU.ActiveCfg = Debug|Any CPU
		{7D86AFAB-11AA-4D44-B1C7-985D2D5A5413}.Debug|Any CPU.Build.0 = Debug|Any CPU
		{7D86AFAB-11AA-4D44-B1C7-985D2D5A5413}.Release|Any CPU.ActiveCfg = Release|Any CPU
		{7D86AFAB-11AA-4D44-B1C7-985D2D5A5413}.Release|Any CPU.Build.0 = Release|Any CPU
		{8EADBA04-9339-431F-AA31-DFC100918B6A}.Debug|Any CPU.ActiveCfg = Debug|Any CPU
		{8EADBA04-9339-431F-AA31-DFC100918B6A}.Debug|Any CPU.Build.0 = Debug|Any CPU
		{8EADBA04-9339-431F-AA31-DFC100918B6A}.Release|Any CPU.ActiveCfg = Release|Any CPU
		{8EADBA04-9339-431F-AA31-DFC100918B6A}.Release|Any CPU.Build.0 = Release|Any CPU
	EndGlobalSection
	GlobalSection(NestedProjects) = preSolution
		{B11C9531-5E8D-41AE-9AFA-B5CB46CDFA39} = {54F23000-7FEC-493C-BC40-9838667EF831}
		{CCA4F399-0897-496C-897A-8FA5C0928654} = {B11C9531-5E8D-41AE-9AFA-B5CB46CDFA39}
		{98CD8CA5-EE17-4C5C-AA99-4BD5222652AB} = {8061D4B7-CAD5-4E76-ADB0-ECAD6BF2FC95}
		{5DF4A925-33CD-4A9F-92B1-78A6847942CF} = {98CD8CA5-EE17-4C5C-AA99-4BD5222652AB}
		{A524458A-F058-40F8-8271-3DDC635CF25D} = {8061D4B7-CAD5-4E76-ADB0-ECAD6BF2FC95}
		{AF3B6E81-7A0A-4EA9-933A-5B3C7898877A} = {A524458A-F058-40F8-8271-3DDC635CF25D}
		{8DDA462A-514B-46B3-8B56-7DB0E3BD4A31} = {54F23000-7FEC-493C-BC40-9838667EF831}
		{174230F9-DC5D-49C7-9BA7-1FCF189A88FE} = {8DDA462A-514B-46B3-8B56-7DB0E3BD4A31}
		{29E7B6CA-3F1E-49D8-B3C1-4B0A3ABB9749} = {8DDA462A-514B-46B3-8B56-7DB0E3BD4A31}
		{E1B32D04-6515-4DBB-8CA4-0BE6EA032D81} = {F3D59110-7F64-440A-A51D-1F950781B0EF}
		{FF9E7419-46F9-468D-82DB-2C1F049A6D2E} = {E1B32D04-6515-4DBB-8CA4-0BE6EA032D81}
		{3795552A-EF29-44EA-A99E-F6C53E4140C5} = {E1B32D04-6515-4DBB-8CA4-0BE6EA032D81}
		{C3FC4F5D-227A-4B3E-B2D7-5497D41881C5} = {E1B32D04-6515-4DBB-8CA4-0BE6EA032D81}
		{8249AB1F-3817-4383-9257-2C20DC4636EB} = {E1B32D04-6515-4DBB-8CA4-0BE6EA032D81}
		{7D86AFAB-11AA-4D44-B1C7-985D2D5A5413} = {E1B32D04-6515-4DBB-8CA4-0BE6EA032D81}
		{8EADBA04-9339-431F-AA31-DFC100918B6A} = {E1B32D04-6515-4DBB-8CA4-0BE6EA032D81}
	EndGlobalSection
EndGlobal
