
Microsoft Visual Studio Solution File, Format Version 12.00
Project("{FAE04EC0-301F-11D3-BF4B-00C04F79EFBC}") = "SoftwareArchitectureExamples", "SoftwareArchitectureExamples\SoftwareArchitectureExamples.csproj", "{D6F996D0-2E57-429C-AA43-64D7D7C31936}"
EndProject
Project("{FAE04EC0-301F-11D3-BF4B-00C04F79EFBC}") = "SensorWatcher_Original", "SensorWatcher_Original\SensorWatcher_Original.csproj", "{5DF4A925-33CD-4A9F-92B1-78A6847942CF}"
EndProject
Project("{FAE04EC0-301F-11D3-BF4B-00C04F79EFBC}") = "SensorWatcher", "SensorWatcher\SensorWatcher.csproj", "{AF3B6E81-7A0A-4EA9-933A-5B3C7898877A}"
EndProject
Project("{2150E333-8FDC-42A3-9474-1A3956D46DE8}") = "Orders", "Orders", "{54F23000-7FEC-493C-BC40-9838667EF831}"
EndProject
Project("{2150E333-8FDC-42A3-9474-1A3956D46DE8}") = "Original", "Original", "{B11C9531-5E8D-41AE-9AFA-B5CB46CDFA39}"
EndProject
Project("{FAE04EC0-301F-11D3-BF4B-00C04F79EFBC}") = "Orders_Original", "Orders_Original\Orders_Original.csproj", "{CCA4F399-0897-496C-897A-8FA5C0928654}"
EndProject
Project("{2150E333-8FDC-42A3-9474-1A3956D46DE8}") = "SensorWatcher", "SensorWatcher", "{8061D4B7-CAD5-4E76-ADB0-ECAD6BF2FC95}"
EndProject
Project("{2150E333-8FDC-42A3-9474-1A3956D46DE8}") = "Original", "Original", "{98CD8CA5-EE17-4C5C-AA99-4BD5222652AB}"
EndProject
Project("{2150E333-8FDC-42A3-9474-1A3956D46DE8}") = "Refactored", "Refactored", "{A524458A-F058-40F8-8271-3DDC635CF25D}"
EndProject
Project("{2150E333-8FDC-42A3-9474-1A3956D46DE8}") = "Refactored", "Refactored", "{8DDA462A-514B-46B3-8B56-7DB0E3BD4A31}"
EndProject
Project("{FAE04EC0-301F-11D3-BF4B-00C04F79EFBC}") = "Orders", "Orders\Orders.csproj", "{174230F9-DC5D-49C7-9BA7-1FCF189A88FE}"
EndProject
Project("{FAE04EC0-301F-11D3-BF4B-00C04F79EFBC}") = "Discounts", "Orders\Discounts\Discounts.csproj", "{29E7B6CA-3F1E-49D8-B3C1-4B0A3ABB9749}"
EndProject
Project("{2150E333-8FDC-42A3-9474-1A3956D46DE8}") = "Worskhops", "Worskhops", "{F3D59110-7F64-440A-A51D-1F950781B0EF}"
EndProject
Project("{2150E333-8FDC-42A3-9474-1A3956D46DE8}") = "Workshop_1", "Workshop_1", "{E1B32D04-6515-4DBB-8CA4-0BE6EA032D81}"
EndProject
Project("{FAE04EC0-301F-11D3-BF4B-00C04F79EFBC}") = "App", "App\App.csproj", "{FF9E7419-46F9-468D-82DB-2C1F049A6D2E}"
EndProject
Project("{FAE04EC0-301F-11D3-BF4B-00C04F79EFBC}") = "Commands", "Commands\Commands.csproj", "{3795552A-EF29-44EA-A99E-F6C53E4140C5}"
EndProject
Project("{FAE04EC0-301F-11D3-BF4B-00C04F79EFBC}") = "Commands.Content", "Commands.Content\Commands.Content.csproj", "{C3FC4F5D-227A-4B3E-B2D7-5497D41881C5}"
EndProject
Project("{FAE04EC0-301F-11D3-BF4B-00C04F79EFBC}") = "Tasks", "Tasks\Tasks.csproj", "{8249AB1F-3817-4383-9257-2C20DC4636EB}"
EndProject
Project("{FAE04EC0-301F-11D3-BF4B-00C04F79EFBC}") = "Tasks.FileStorage", "Tasks.FileStorage\Tasks.FileStorage.csproj", "{7D86AFAB-11AA-4D44-B1C7-985D2D5A5413}"
EndProject
Project("{FAE04EC0-301F-11D3-BF4B-00C04F79EFBC}") = "Task.FileStorage", "Task.FileStorage\Task.FileStorage.csproj", "{8EADBA04-9339-431F-AA31-DFC100918B6A}"
EndProject
Project("{FAE04EC0-301F-11D3-BF4B-00C04F79EFBC}") = "ExampleTests", "ExampleTests\ExampleTests.csproj", "{E9946746-870A-4789-B424-4F2609B8E938}"
EndProject
Project("{2150E333-8FDC-42A3-9474-1A3956D46DE8}") = "DI", "DI", "{CBB6DD3F-5362-4563-9D04-5F554B9215F2}"
EndProject
Project("{FAE04EC0-301F-11D3-BF4B-00C04F79EFBC}") = "DI.Core", "DI.Core\DI.Core.csproj", "{CDE6EFC2-B89C-4D93-AC1D-698BB777B618}"
EndProject
Project("{FAE04EC0-301F-11D3-BF4B-00C04F79EFBC}") = "Di.Starter", "Di.Starter\Di.Starter.csproj", "{30DA96A1-1D70-4133-99D1-CC0DDB25A7BD}"
EndProject
Project("{2150E333-8FDC-42A3-9474-1A3956D46DE8}") = "SOLID", "SOLID", "{D08C6D21-3015-40B1-AE5A-19DFABDE8D87}"
EndProject
Project("{FAE04EC0-301F-11D3-BF4B-00C04F79EFBC}") = "StudentsExercise", "StudentsExercise\StudentsExercise.csproj", "{FA61F8F6-ADEC-402A-8D01-F770545433D9}"
EndProject
Project("{2150E333-8FDC-42A3-9474-1A3956D46DE8}") = "Commands", "Commands", "{B5723AAF-3DC3-4EEC-975F-DC087CEA537E}"
EndProject
Project("{2150E333-8FDC-42A3-9474-1A3956D46DE8}") = "OpenClosed", "OpenClosed", "{7D943CDC-B2B7-43B0-BD91-E890D59E026B}"
EndProject
Project("{FAE04EC0-301F-11D3-BF4B-00C04F79EFBC}") = "1_StudentsCLI", "1_StudentsCLI\1_StudentsCLI.csproj", "{DE3BAF98-6E72-4327-AAE1-85D80E73E789}"
EndProject
Project("{FAE04EC0-301F-11D3-BF4B-00C04F79EFBC}") = "2_StudentsCLI", "2_StudentsCLI\2_StudentsCLI.csproj", "{2D36FF19-5D32-4810-9103-E6B55AEA436A}"
EndProject
Project("{FAE04EC0-301F-11D3-BF4B-00C04F79EFBC}") = "3_StudentsCLI", "3_StudentsCLI\3_StudentsCLI.csproj", "{F156ED3B-0D5B-4F65-931D-6904BA9F17C9}"
EndProject
Project("{FAE04EC0-301F-11D3-BF4B-00C04F79EFBC}") = "4_StudentsCLI", "4_StudentsCLI\4_StudentsCLI.csproj", "{B3A50DC7-80EF-42D7-8633-287D70432052}"
EndProject
Project("{FAE04EC0-301F-11D3-BF4B-00C04F79EFBC}") = "5_StudentsCLI", "5_StudentsCLI\5_StudentsCLI.csproj", "{85F515BE-5179-421F-9ED1-18B42FF2C053}"
EndProject
Project("{2150E333-8FDC-42A3-9474-1A3956D46DE8}") = "OpenClosed_Assemblies", "OpenClosed_Assemblies", "{113AE0A9-6E40-4C1C-B5A9-A0A82B0AD79B}"
EndProject
Project("{FAE04EC0-301F-11D3-BF4B-00C04F79EFBC}") = "ConsoleApp", "ConsoleApp\ConsoleApp.csproj", "{2DADA5BA-D9FD-442C-9E50-F1DC6ED73A5C}"
EndProject
Project("{FAE04EC0-301F-11D3-BF4B-00C04F79EFBC}") = "Core", "Core\Core.csproj", "{F1D5865D-3271-472F-893F-387E12F8E6EF}"
EndProject
Project("{FAE04EC0-301F-11D3-BF4B-00C04F79EFBC}") = "CommandTypes", "CommandTypes\CommandTypes.csproj", "{733817EA-341F-4A0E-BCEB-4C1987E15A53}"
EndProject
Global
	GlobalSection(SolutionConfigurationPlatforms) = preSolution
		Debug|Any CPU = Debug|Any CPU
		Release|Any CPU = Release|Any CPU
	EndGlobalSection
	GlobalSection(ProjectConfigurationPlatforms) = postSolution
		{D6F996D0-2E57-429C-AA43-64D7D7C31936}.Debug|Any CPU.ActiveCfg = Debug|Any CPU
		{D6F996D0-2E57-429C-AA43-64D7D7C31936}.Debug|Any CPU.Build.0 = Debug|Any CPU
		{D6F996D0-2E57-429C-AA43-64D7D7C31936}.Release|Any CPU.ActiveCfg = Release|Any CPU
		{D6F996D0-2E57-429C-AA43-64D7D7C31936}.Release|Any CPU.Build.0 = Release|Any CPU
		{5DF4A925-33CD-4A9F-92B1-78A6847942CF}.Debug|Any CPU.ActiveCfg = Debug|Any CPU
		{5DF4A925-33CD-4A9F-92B1-78A6847942CF}.Debug|Any CPU.Build.0 = Debug|Any CPU
		{5DF4A925-33CD-4A9F-92B1-78A6847942CF}.Release|Any CPU.ActiveCfg = Release|Any CPU
		{5DF4A925-33CD-4A9F-92B1-78A6847942CF}.Release|Any CPU.Build.0 = Release|Any CPU
		{AF3B6E81-7A0A-4EA9-933A-5B3C7898877A}.Debug|Any CPU.ActiveCfg = Debug|Any CPU
		{AF3B6E81-7A0A-4EA9-933A-5B3C7898877A}.Debug|Any CPU.Build.0 = Debug|Any CPU
		{AF3B6E81-7A0A-4EA9-933A-5B3C7898877A}.Release|Any CPU.ActiveCfg = Release|Any CPU
		{AF3B6E81-7A0A-4EA9-933A-5B3C7898877A}.Release|Any CPU.Build.0 = Release|Any CPU
		{CCA4F399-0897-496C-897A-8FA5C0928654}.Debug|Any CPU.ActiveCfg = Debug|Any CPU
		{CCA4F399-0897-496C-897A-8FA5C0928654}.Debug|Any CPU.Build.0 = Debug|Any CPU
		{CCA4F399-0897-496C-897A-8FA5C0928654}.Release|Any CPU.ActiveCfg = Release|Any CPU
		{CCA4F399-0897-496C-897A-8FA5C0928654}.Release|Any CPU.Build.0 = Release|Any CPU
		{174230F9-DC5D-49C7-9BA7-1FCF189A88FE}.Debug|Any CPU.ActiveCfg = Debug|Any CPU
		{174230F9-DC5D-49C7-9BA7-1FCF189A88FE}.Debug|Any CPU.Build.0 = Debug|Any CPU
		{174230F9-DC5D-49C7-9BA7-1FCF189A88FE}.Release|Any CPU.ActiveCfg = Release|Any CPU
		{174230F9-DC5D-49C7-9BA7-1FCF189A88FE}.Release|Any CPU.Build.0 = Release|Any CPU
		{29E7B6CA-3F1E-49D8-B3C1-4B0A3ABB9749}.Debug|Any CPU.ActiveCfg = Debug|Any CPU
		{29E7B6CA-3F1E-49D8-B3C1-4B0A3ABB9749}.Debug|Any CPU.Build.0 = Debug|Any CPU
		{29E7B6CA-3F1E-49D8-B3C1-4B0A3ABB9749}.Release|Any CPU.ActiveCfg = Release|Any CPU
		{29E7B6CA-3F1E-49D8-B3C1-4B0A3ABB9749}.Release|Any CPU.Build.0 = Release|Any CPU
		{FF9E7419-46F9-468D-82DB-2C1F049A6D2E}.Debug|Any CPU.ActiveCfg = Debug|Any CPU
		{FF9E7419-46F9-468D-82DB-2C1F049A6D2E}.Debug|Any CPU.Build.0 = Debug|Any CPU
		{FF9E7419-46F9-468D-82DB-2C1F049A6D2E}.Release|Any CPU.ActiveCfg = Release|Any CPU
		{FF9E7419-46F9-468D-82DB-2C1F049A6D2E}.Release|Any CPU.Build.0 = Release|Any CPU
		{3795552A-EF29-44EA-A99E-F6C53E4140C5}.Debug|Any CPU.ActiveCfg = Debug|Any CPU
		{3795552A-EF29-44EA-A99E-F6C53E4140C5}.Debug|Any CPU.Build.0 = Debug|Any CPU
		{3795552A-EF29-44EA-A99E-F6C53E4140C5}.Release|Any CPU.ActiveCfg = Release|Any CPU
		{3795552A-EF29-44EA-A99E-F6C53E4140C5}.Release|Any CPU.Build.0 = Release|Any CPU
		{C3FC4F5D-227A-4B3E-B2D7-5497D41881C5}.Debug|Any CPU.ActiveCfg = Debug|Any CPU
		{C3FC4F5D-227A-4B3E-B2D7-5497D41881C5}.Debug|Any CPU.Build.0 = Debug|Any CPU
		{C3FC4F5D-227A-4B3E-B2D7-5497D41881C5}.Release|Any CPU.ActiveCfg = Release|Any CPU
		{C3FC4F5D-227A-4B3E-B2D7-5497D41881C5}.Release|Any CPU.Build.0 = Release|Any CPU
		{8249AB1F-3817-4383-9257-2C20DC4636EB}.Debug|Any CPU.ActiveCfg = Debug|Any CPU
		{8249AB1F-3817-4383-9257-2C20DC4636EB}.Debug|Any CPU.Build.0 = Debug|Any CPU
		{8249AB1F-3817-4383-9257-2C20DC4636EB}.Release|Any CPU.ActiveCfg = Release|Any CPU
		{8249AB1F-3817-4383-9257-2C20DC4636EB}.Release|Any CPU.Build.0 = Release|Any CPU
		{7D86AFAB-11AA-4D44-B1C7-985D2D5A5413}.Debug|Any CPU.ActiveCfg = Debug|Any CPU
		{7D86AFAB-11AA-4D44-B1C7-985D2D5A5413}.Debug|Any CPU.Build.0 = Debug|Any CPU
		{7D86AFAB-11AA-4D44-B1C7-985D2D5A5413}.Release|Any CPU.ActiveCfg = Release|Any CPU
		{7D86AFAB-11AA-4D44-B1C7-985D2D5A5413}.Release|Any CPU.Build.0 = Release|Any CPU
		{8EADBA04-9339-431F-AA31-DFC100918B6A}.Debug|Any CPU.ActiveCfg = Debug|Any CPU
		{8EADBA04-9339-431F-AA31-DFC100918B6A}.Debug|Any CPU.Build.0 = Debug|Any CPU
		{8EADBA04-9339-431F-AA31-DFC100918B6A}.Release|Any CPU.ActiveCfg = Release|Any CPU
		{8EADBA04-9339-431F-AA31-DFC100918B6A}.Release|Any CPU.Build.0 = Release|Any CPU
		{E9946746-870A-4789-B424-4F2609B8E938}.Debug|Any CPU.ActiveCfg = Debug|Any CPU
		{E9946746-870A-4789-B424-4F2609B8E938}.Debug|Any CPU.Build.0 = Debug|Any CPU
		{E9946746-870A-4789-B424-4F2609B8E938}.Release|Any CPU.ActiveCfg = Release|Any CPU
		{E9946746-870A-4789-B424-4F2609B8E938}.Release|Any CPU.Build.0 = Release|Any CPU
		{CDE6EFC2-B89C-4D93-AC1D-698BB777B618}.Debug|Any CPU.ActiveCfg = Debug|Any CPU
		{CDE6EFC2-B89C-4D93-AC1D-698BB777B618}.Debug|Any CPU.Build.0 = Debug|Any CPU
		{CDE6EFC2-B89C-4D93-AC1D-698BB777B618}.Release|Any CPU.ActiveCfg = Release|Any CPU
		{CDE6EFC2-B89C-4D93-AC1D-698BB777B618}.Release|Any CPU.Build.0 = Release|Any CPU
		{30DA96A1-1D70-4133-99D1-CC0DDB25A7BD}.Debug|Any CPU.ActiveCfg = Debug|Any CPU
		{30DA96A1-1D70-4133-99D1-CC0DDB25A7BD}.Debug|Any CPU.Build.0 = Debug|Any CPU
		{30DA96A1-1D70-4133-99D1-CC0DDB25A7BD}.Release|Any CPU.ActiveCfg = Release|Any CPU
		{30DA96A1-1D70-4133-99D1-CC0DDB25A7BD}.Release|Any CPU.Build.0 = Release|Any CPU
		{FA61F8F6-ADEC-402A-8D01-F770545433D9}.Debug|Any CPU.ActiveCfg = Debug|Any CPU
		{FA61F8F6-ADEC-402A-8D01-F770545433D9}.Debug|Any CPU.Build.0 = Debug|Any CPU
		{FA61F8F6-ADEC-402A-8D01-F770545433D9}.Release|Any CPU.ActiveCfg = Release|Any CPU
		{FA61F8F6-ADEC-402A-8D01-F770545433D9}.Release|Any CPU.Build.0 = Release|Any CPU
		{DE3BAF98-6E72-4327-AAE1-85D80E73E789}.Debug|Any CPU.ActiveCfg = Debug|Any CPU
		{DE3BAF98-6E72-4327-AAE1-85D80E73E789}.Debug|Any CPU.Build.0 = Debug|Any CPU
		{DE3BAF98-6E72-4327-AAE1-85D80E73E789}.Release|Any CPU.ActiveCfg = Release|Any CPU
		{DE3BAF98-6E72-4327-AAE1-85D80E73E789}.Release|Any CPU.Build.0 = Release|Any CPU
		{2D36FF19-5D32-4810-9103-E6B55AEA436A}.Debug|Any CPU.ActiveCfg = Debug|Any CPU
		{2D36FF19-5D32-4810-9103-E6B55AEA436A}.Debug|Any CPU.Build.0 = Debug|Any CPU
		{2D36FF19-5D32-4810-9103-E6B55AEA436A}.Release|Any CPU.ActiveCfg = Release|Any CPU
		{2D36FF19-5D32-4810-9103-E6B55AEA436A}.Release|Any CPU.Build.0 = Release|Any CPU
		{F156ED3B-0D5B-4F65-931D-6904BA9F17C9}.Debug|Any CPU.ActiveCfg = Debug|Any CPU
		{F156ED3B-0D5B-4F65-931D-6904BA9F17C9}.Debug|Any CPU.Build.0 = Debug|Any CPU
		{F156ED3B-0D5B-4F65-931D-6904BA9F17C9}.Release|Any CPU.ActiveCfg = Release|Any CPU
		{F156ED3B-0D5B-4F65-931D-6904BA9F17C9}.Release|Any CPU.Build.0 = Release|Any CPU
		{B3A50DC7-80EF-42D7-8633-287D70432052}.Debug|Any CPU.ActiveCfg = Debug|Any CPU
		{B3A50DC7-80EF-42D7-8633-287D70432052}.Debug|Any CPU.Build.0 = Debug|Any CPU
		{B3A50DC7-80EF-42D7-8633-287D70432052}.Release|Any CPU.ActiveCfg = Release|Any CPU
		{B3A50DC7-80EF-42D7-8633-287D70432052}.Release|Any CPU.Build.0 = Release|Any CPU
		{85F515BE-5179-421F-9ED1-18B42FF2C053}.Debug|Any CPU.ActiveCfg = Debug|Any CPU
		{85F515BE-5179-421F-9ED1-18B42FF2C053}.Debug|Any CPU.Build.0 = Debug|Any CPU
		{85F515BE-5179-421F-9ED1-18B42FF2C053}.Release|Any CPU.ActiveCfg = Release|Any CPU
		{85F515BE-5179-421F-9ED1-18B42FF2C053}.Release|Any CPU.Build.0 = Release|Any CPU
		{2DADA5BA-D9FD-442C-9E50-F1DC6ED73A5C}.Debug|Any CPU.ActiveCfg = Debug|Any CPU
		{2DADA5BA-D9FD-442C-9E50-F1DC6ED73A5C}.Debug|Any CPU.Build.0 = Debug|Any CPU
		{2DADA5BA-D9FD-442C-9E50-F1DC6ED73A5C}.Release|Any CPU.ActiveCfg = Release|Any CPU
		{2DADA5BA-D9FD-442C-9E50-F1DC6ED73A5C}.Release|Any CPU.Build.0 = Release|Any CPU
		{F1D5865D-3271-472F-893F-387E12F8E6EF}.Debug|Any CPU.ActiveCfg = Debug|Any CPU
		{F1D5865D-3271-472F-893F-387E12F8E6EF}.Debug|Any CPU.Build.0 = Debug|Any CPU
		{F1D5865D-3271-472F-893F-387E12F8E6EF}.Release|Any CPU.ActiveCfg = Release|Any CPU
		{F1D5865D-3271-472F-893F-387E12F8E6EF}.Release|Any CPU.Build.0 = Release|Any CPU
		{733817EA-341F-4A0E-BCEB-4C1987E15A53}.Debug|Any CPU.ActiveCfg = Debug|Any CPU
		{733817EA-341F-4A0E-BCEB-4C1987E15A53}.Debug|Any CPU.Build.0 = Debug|Any CPU
		{733817EA-341F-4A0E-BCEB-4C1987E15A53}.Release|Any CPU.ActiveCfg = Release|Any CPU
		{733817EA-341F-4A0E-BCEB-4C1987E15A53}.Release|Any CPU.Build.0 = Release|Any CPU
	EndGlobalSection
	GlobalSection(NestedProjects) = preSolution
		{B11C9531-5E8D-41AE-9AFA-B5CB46CDFA39} = {54F23000-7FEC-493C-BC40-9838667EF831}
		{CCA4F399-0897-496C-897A-8FA5C0928654} = {B11C9531-5E8D-41AE-9AFA-B5CB46CDFA39}
		{98CD8CA5-EE17-4C5C-AA99-4BD5222652AB} = {8061D4B7-CAD5-4E76-ADB0-ECAD6BF2FC95}
		{5DF4A925-33CD-4A9F-92B1-78A6847942CF} = {98CD8CA5-EE17-4C5C-AA99-4BD5222652AB}
		{A524458A-F058-40F8-8271-3DDC635CF25D} = {8061D4B7-CAD5-4E76-ADB0-ECAD6BF2FC95}
		{AF3B6E81-7A0A-4EA9-933A-5B3C7898877A} = {A524458A-F058-40F8-8271-3DDC635CF25D}
		{8DDA462A-514B-46B3-8B56-7DB0E3BD4A31} = {54F23000-7FEC-493C-BC40-9838667EF831}
		{174230F9-DC5D-49C7-9BA7-1FCF189A88FE} = {8DDA462A-514B-46B3-8B56-7DB0E3BD4A31}
		{29E7B6CA-3F1E-49D8-B3C1-4B0A3ABB9749} = {8DDA462A-514B-46B3-8B56-7DB0E3BD4A31}
		{E1B32D04-6515-4DBB-8CA4-0BE6EA032D81} = {F3D59110-7F64-440A-A51D-1F950781B0EF}
		{FF9E7419-46F9-468D-82DB-2C1F049A6D2E} = {E1B32D04-6515-4DBB-8CA4-0BE6EA032D81}
		{3795552A-EF29-44EA-A99E-F6C53E4140C5} = {E1B32D04-6515-4DBB-8CA4-0BE6EA032D81}
		{C3FC4F5D-227A-4B3E-B2D7-5497D41881C5} = {E1B32D04-6515-4DBB-8CA4-0BE6EA032D81}
		{8249AB1F-3817-4383-9257-2C20DC4636EB} = {E1B32D04-6515-4DBB-8CA4-0BE6EA032D81}
		{7D86AFAB-11AA-4D44-B1C7-985D2D5A5413} = {E1B32D04-6515-4DBB-8CA4-0BE6EA032D81}
		{8EADBA04-9339-431F-AA31-DFC100918B6A} = {E1B32D04-6515-4DBB-8CA4-0BE6EA032D81}
		{CDE6EFC2-B89C-4D93-AC1D-698BB777B618} = {CBB6DD3F-5362-4563-9D04-5F554B9215F2}
		{30DA96A1-1D70-4133-99D1-CC0DDB25A7BD} = {CBB6DD3F-5362-4563-9D04-5F554B9215F2}
		{FA61F8F6-ADEC-402A-8D01-F770545433D9} = {D08C6D21-3015-40B1-AE5A-19DFABDE8D87}
		{7D943CDC-B2B7-43B0-BD91-E890D59E026B} = {D08C6D21-3015-40B1-AE5A-19DFABDE8D87}
		{DE3BAF98-6E72-4327-AAE1-85D80E73E789} = {7D943CDC-B2B7-43B0-BD91-E890D59E026B}
		{2D36FF19-5D32-4810-9103-E6B55AEA436A} = {7D943CDC-B2B7-43B0-BD91-E890D59E026B}
		{F156ED3B-0D5B-4F65-931D-6904BA9F17C9} = {7D943CDC-B2B7-43B0-BD91-E890D59E026B}
		{B3A50DC7-80EF-42D7-8633-287D70432052} = {7D943CDC-B2B7-43B0-BD91-E890D59E026B}
		{85F515BE-5179-421F-9ED1-18B42FF2C053} = {7D943CDC-B2B7-43B0-BD91-E890D59E026B}
		{113AE0A9-6E40-4C1C-B5A9-A0A82B0AD79B} = {D08C6D21-3015-40B1-AE5A-19DFABDE8D87}
		{2DADA5BA-D9FD-442C-9E50-F1DC6ED73A5C} = {113AE0A9-6E40-4C1C-B5A9-A0A82B0AD79B}
		{F1D5865D-3271-472F-893F-387E12F8E6EF} = {113AE0A9-6E40-4C1C-B5A9-A0A82B0AD79B}
		{733817EA-341F-4A0E-BCEB-4C1987E15A53} = {113AE0A9-6E40-4C1C-B5A9-A0A82B0AD79B}
	EndGlobalSection
EndGlobal
